{
  "name": "Calandar",
  "lockfileVersion": 2,
  "requires": true,
  "packages": {
    "": {
      "dependencies": {
        "@fullcalendar/core": "^6.1.4",
        "@fullcalendar/daygrid": "^6.1.4",
        "@fullcalendar/list": "^6.1.4",
        "@fullcalendar/timegrid": "^6.1.4",
        "bootstrap-icons": "^1.10.3",
        "mdbootstrap": "^4.20.0",
        "sweetalert2": "^11.7.1"
      }
    },
    "node_modules/@fullcalendar/core": {
      "version": "6.1.4",
      "resolved": "https://registry.npmjs.org/@fullcalendar/core/-/core-6.1.4.tgz",
      "integrity": "sha512-ZDD0Owv0LezAk14nsRNaOc9nbowItGmT0mnjOhEw+L6B8P5eads8yYaNA9itn70MWoOjiAG8xqD7Yk1iJGxqgQ==",
      "dependencies": {
        "preact": "^10.0.5"
      }
    },
    "node_modules/@fullcalendar/daygrid": {
      "version": "6.1.4",
      "resolved": "https://registry.npmjs.org/@fullcalendar/daygrid/-/daygrid-6.1.4.tgz",
      "integrity": "sha512-X0QWEiA/hT8GYiQzmXt9DlZTWaQbNtBHBXGtaMNcVXbGHDCzLoWTHrde/jABGfr/i2+d9sLUO4oTtwz2HVpNtQ==",
      "peerDependencies": {
        "@fullcalendar/core": "~6.1.4"
      }
    },
    "node_modules/@fullcalendar/list": {
      "version": "6.1.4",
      "resolved": "https://registry.npmjs.org/@fullcalendar/list/-/list-6.1.4.tgz",
      "integrity": "sha512-RY2fE9J7ckzhKtvHOWhlI2FnVEBC4Z9ZlgRBE2nQekX2+THt+3KnZtOQxuYGnGi30NBKx794YsXeIc6/Lnl0Ww==",
      "peerDependencies": {
        "@fullcalendar/core": "~6.1.4"
      }
    },
    "node_modules/@fullcalendar/timegrid": {
      "version": "6.1.4",
      "resolved": "https://registry.npmjs.org/@fullcalendar/timegrid/-/timegrid-6.1.4.tgz",
      "integrity": "sha512-B2/levLKW0CyDQru75JeuASpCZml5W8sINCwVTstxxhjKmNBG3F5qvSX12DDrTdga/ySYObNNP1pKDwavKk/JQ==",
      "dependencies": {
        "@fullcalendar/daygrid": "~6.1.4"
      },
      "peerDependencies": {
        "@fullcalendar/core": "~6.1.4"
      }
    },
    "node_modules/bootstrap-icons": {
      "version": "1.10.3",
      "resolved": "https://registry.npmjs.org/bootstrap-icons/-/bootstrap-icons-1.10.3.tgz",
      "integrity": "sha512-7Qvj0j0idEm/DdX9Q0CpxAnJYqBCFCiUI6qzSPYfERMcokVuV9Mdm/AJiVZI8+Gawe4h/l6zFcOzvV7oXCZArw=="
    },
    "node_modules/mdbootstrap": {
      "version": "4.20.0",
      "resolved": "https://registry.npmjs.org/mdbootstrap/-/mdbootstrap-4.20.0.tgz",
      "integrity": "sha512-eIxaYsvHct2BKqkJWphh6j7nFQXHh9NjbbN7a+dctfrVsKaydNW5XpKIxmq2tDSb9+XYGm9hK7hMTlHgeV6wdw=="
    },
    "node_modules/preact": {
      "version": "10.12.1",
      "resolved": "https://registry.npmjs.org/preact/-/preact-10.12.1.tgz",
      "integrity": "sha512-l8386ixSsBdbreOAkqtrwqHwdvR35ID8c3rKPa8lCWuO86dBi32QWHV4vfsZK1utLLFMvw+Z5Ad4XLkZzchscg==",
      "funding": {
        "type": "opencollective",
        "url": "https://opencollective.com/preact"
      }
    },
    "node_modules/sweetalert2": {
      "version": "11.7.1",
      "resolved": "https://registry.npmjs.org/sweetalert2/-/sweetalert2-11.7.1.tgz",
      "integrity": "sha512-+1bnkbqBl64FnZmi3g4SzAi4F3pL3S2jF1YQvrysv4GbgizfeFqGkJopxR3FnV/eJm6w2SQ2oAmCxSIBjgP/ag==",
      "funding": {
        "type": "individual",
        "url": "https://github.com/sponsors/limonte"
      }
    }
  },
  "dependencies": {
    "@fullcalendar/core": {
      "version": "6.1.4",
      "resolved": "https://registry.npmjs.org/@fullcalendar/core/-/core-6.1.4.tgz",
      "integrity": "sha512-ZDD0Owv0LezAk14nsRNaOc9nbowItGmT0mnjOhEw+L6B8P5eads8yYaNA9itn70MWoOjiAG8xqD7Yk1iJGxqgQ==",
      "requires": {
        "preact": "^10.0.5"
      }
    },
    "@fullcalendar/daygrid": {
      "version": "6.1.4",
      "resolved": "https://registry.npmjs.org/@fullcalendar/daygrid/-/daygrid-6.1.4.tgz",
      "integrity": "sha512-X0QWEiA/hT8GYiQzmXt9DlZTWaQbNtBHBXGtaMNcVXbGHDCzLoWTHrde/jABGfr/i2+d9sLUO4oTtwz2HVpNtQ==",
      "requires": {}
    },
    "@fullcalendar/list": {
      "version": "6.1.4",
      "resolved": "https://registry.npmjs.org/@fullcalendar/list/-/list-6.1.4.tgz",
      "integrity": "sha512-RY2fE9J7ckzhKtvHOWhlI2FnVEBC4Z9ZlgRBE2nQekX2+THt+3KnZtOQxuYGnGi30NBKx794YsXeIc6/Lnl0Ww==",
      "requires": {}
    },
    "@fullcalendar/timegrid": {
      "version": "6.1.4",
      "resolved": "https://registry.npmjs.org/@fullcalendar/timegrid/-/timegrid-6.1.4.tgz",
      "integrity": "sha512-B2/levLKW0CyDQru75JeuASpCZml5W8sINCwVTstxxhjKmNBG3F5qvSX12DDrTdga/ySYObNNP1pKDwavKk/JQ==",
      "requires": {
        "@fullcalendar/daygrid": "~6.1.4"
      }
    },
    "bootstrap-icons": {
      "version": "1.10.3",
      "resolved": "https://registry.npmjs.org/bootstrap-icons/-/bootstrap-icons-1.10.3.tgz",
      "integrity": "sha512-7Qvj0j0idEm/DdX9Q0CpxAnJYqBCFCiUI6qzSPYfERMcokVuV9Mdm/AJiVZI8+Gawe4h/l6zFcOzvV7oXCZArw=="
    },
    "mdbootstrap": {
      "version": "4.20.0",
      "resolved": "https://registry.npmjs.org/mdbootstrap/-/mdbootstrap-4.20.0.tgz",
      "integrity": "sha512-eIxaYsvHct2BKqkJWphh6j7nFQXHh9NjbbN7a+dctfrVsKaydNW5XpKIxmq2tDSb9+XYGm9hK7hMTlHgeV6wdw=="
    },
    "preact": {
      "version": "10.12.1",
      "resolved": "https://registry.npmjs.org/preact/-/preact-10.12.1.tgz",
      "integrity": "sha512-l8386ixSsBdbreOAkqtrwqHwdvR35ID8c3rKPa8lCWuO86dBi32QWHV4vfsZK1utLLFMvw+Z5Ad4XLkZzchscg=="
    },
    "sweetalert2": {
      "version": "11.7.1",
      "resolved": "https://registry.npmjs.org/sweetalert2/-/sweetalert2-11.7.1.tgz",
      "integrity": "sha512-+1bnkbqBl64FnZmi3g4SzAi4F3pL3S2jF1YQvrysv4GbgizfeFqGkJopxR3FnV/eJm6w2SQ2oAmCxSIBjgP/ag=="
    }
  }
}
